
Microsoft Visual Studio Solution File, Format Version 12.00
# Visual Studio Version 17
VisualStudioVersion = 17.9.34622.214
MinimumVisualStudioVersion = 10.0.40219.1
Project("{9A19103F-16F7-4668-BE54-9A1E7A4F7556}") = "Aula_MVC_EntityFramework", "Aula_MVC_EntityFramework\Aula_MVC_EntityFramework.csproj", "{752DDECA-0DC0-41CC-B508-FA0811341813}"
EndProject
Project("{FAE04EC0-301F-11D3-BF4B-00C04F79EFBC}") = "Aula_MVC_EntityFramework.Repositorio", "Aula_MVC_EntityFramework.Repositorio\Aula_MVC_EntityFramework.Repositorio.csproj", "{9112209B-606A-4598-B5FC-636FCA5DDEFA}"
EndProject
Global
	GlobalSection(SolutionConfigurationPlatforms) = preSolution
		Debug|Any CPU = Debug|Any CPU
		Release|Any CPU = Release|Any CPU
	EndGlobalSection
	GlobalSection(ProjectConfigurationPlatforms) = postSolution
		{752DDECA-0DC0-41CC-B508-FA0811341813}.Debug|Any CPU.ActiveCfg = Debug|Any CPU
		{752DDECA-0DC0-41CC-B508-FA0811341813}.Debug|Any CPU.Build.0 = Debug|Any CPU
		{752DDECA-0DC0-41CC-B508-FA0811341813}.Release|Any CPU.ActiveCfg = Release|Any CPU
		{752DDECA-0DC0-41CC-B508-FA0811341813}.Release|Any CPU.Build.0 = Release|Any CPU
		{9112209B-606A-4598-B5FC-636FCA5DDEFA}.Debug|Any CPU.ActiveCfg = Debug|Any CPU
		{9112209B-606A-4598-B5FC-636FCA5DDEFA}.Debug|Any CPU.Build.0 = Debug|Any CPU
		{9112209B-606A-4598-B5FC-636FCA5DDEFA}.Release|Any CPU.ActiveCfg = Release|Any CPU
		{9112209B-606A-4598-B5FC-636FCA5DDEFA}.Release|Any CPU.Build.0 = Release|Any CPU
	EndGlobalSection
	GlobalSection(SolutionProperties) = preSolution
		HideSolutionNode = FALSE
	EndGlobalSection
	GlobalSection(ExtensibilityGlobals) = postSolution
		SolutionGuid = {BC7BB485-F261-4D51-9478-FB4C43C8F20A}
	EndGlobalSection
EndGlobal
