
Microsoft Visual Studio Solution File, Format Version 12.00
# Visual Studio Version 17
VisualStudioVersion = 17.9.34622.214
MinimumVisualStudioVersion = 10.0.40219.1
Project("{9A19103F-16F7-4668-BE54-9A1E7A4F7556}") = "Aula_MVC_EntityFramework.MVC", "Aula_MVC_EntityFramework\Aula_MVC_EntityFramework.MVC.csproj", "{752DDECA-0DC0-41CC-B508-FA0811341813}"
EndProject
Project("{9A19103F-16F7-4668-BE54-9A1E7A4F7556}") = "Aula_MVC_EntityFramework.Repository", "Aula_MVC_EntityFramework.Repositorio\Aula_MVC_EntityFramework.Repository.csproj", "{9112209B-606A-4598-B5FC-636FCA5DDEFA}"
EndProject
Project("{9A19103F-16F7-4668-BE54-9A1E7A4F7556}") = "Aula_MVC_EntityFramework.API", "Aula_MVC_EntityFramework.API\Aula_MVC_EntityFramework.API.csproj", "{9AF9CCB7-A3D7-40FE-A584-F0B3237FAF91}"
EndProject
Project("{FAE04EC0-301F-11D3-BF4B-00C04F79EFBC}") = "Aula_MVC_EntityFramework.Application", "Aula_MVC_EntityFramework.Application\Aula_MVC_EntityFramework.Application.csproj", "{5E2938D8-EA80-4839-9BE1-996352A2F23F}"
EndProject
Global
	GlobalSection(SolutionConfigurationPlatforms) = preSolution
		Debug|Any CPU = Debug|Any CPU
		Release|Any CPU = Release|Any CPU
	EndGlobalSection
	GlobalSection(ProjectConfigurationPlatforms) = postSolution
		{752DDECA-0DC0-41CC-B508-FA0811341813}.Debug|Any CPU.ActiveCfg = Debug|Any CPU
		{752DDECA-0DC0-41CC-B508-FA0811341813}.Debug|Any CPU.Build.0 = Debug|Any CPU
		{752DDECA-0DC0-41CC-B508-FA0811341813}.Release|Any CPU.ActiveCfg = Release|Any CPU
		{752DDECA-0DC0-41CC-B508-FA0811341813}.Release|Any CPU.Build.0 = Release|Any CPU
		{9112209B-606A-4598-B5FC-636FCA5DDEFA}.Debug|Any CPU.ActiveCfg = Debug|Any CPU
		{9112209B-606A-4598-B5FC-636FCA5DDEFA}.Debug|Any CPU.Build.0 = Debug|Any CPU
		{9112209B-606A-4598-B5FC-636FCA5DDEFA}.Release|Any CPU.ActiveCfg = Release|Any CPU
		{9112209B-606A-4598-B5FC-636FCA5DDEFA}.Release|Any CPU.Build.0 = Release|Any CPU
		{9AF9CCB7-A3D7-40FE-A584-F0B3237FAF91}.Debug|Any CPU.ActiveCfg = Debug|Any CPU
		{9AF9CCB7-A3D7-40FE-A584-F0B3237FAF91}.Debug|Any CPU.Build.0 = Debug|Any CPU
		{9AF9CCB7-A3D7-40FE-A584-F0B3237FAF91}.Release|Any CPU.ActiveCfg = Release|Any CPU
		{9AF9CCB7-A3D7-40FE-A584-F0B3237FAF91}.Release|Any CPU.Build.0 = Release|Any CPU
		{5E2938D8-EA80-4839-9BE1-996352A2F23F}.Debug|Any CPU.ActiveCfg = Debug|Any CPU
		{5E2938D8-EA80-4839-9BE1-996352A2F23F}.Debug|Any CPU.Build.0 = Debug|Any CPU
		{5E2938D8-EA80-4839-9BE1-996352A2F23F}.Release|Any CPU.ActiveCfg = Release|Any CPU
		{5E2938D8-EA80-4839-9BE1-996352A2F23F}.Release|Any CPU.Build.0 = Release|Any CPU
	EndGlobalSection
	GlobalSection(SolutionProperties) = preSolution
		HideSolutionNode = FALSE
	EndGlobalSection
	GlobalSection(ExtensibilityGlobals) = postSolution
		SolutionGuid = {BC7BB485-F261-4D51-9478-FB4C43C8F20A}
	EndGlobalSection
EndGlobal
